
Microsoft Visual Studio Solution File, Format Version 12.00
# Visual Studio 15
VisualStudioVersion = 15.0.28307.1062
MinimumVisualStudioVersion = 10.0.40219.1
Project("{FAE04EC0-301F-11D3-BF4B-00C04F79EFBC}") = "PeopleSearch", "PeopleSearch\PeopleSearch.csproj", "{3037FE29-22CB-4AF0-86F1-5BCE71A30B7F}"
EndProject
Project("{2150E333-8FDC-42A3-9474-1A3956D46DE8}") = "Models", "Models", "{E770E541-D924-4007-A02E-42E6DF273321}"
	ProjectSection(SolutionItems) = preProject
		Person.cs = Person.cs
	EndProjectSection
EndProject
Global
	GlobalSection(SolutionConfigurationPlatforms) = preSolution
		Debug|Any CPU = Debug|Any CPU
		Release|Any CPU = Release|Any CPU
	EndGlobalSection
	GlobalSection(ProjectConfigurationPlatforms) = postSolution
		{3037FE29-22CB-4AF0-86F1-5BCE71A30B7F}.Debug|Any CPU.ActiveCfg = Debug|Any CPU
		{3037FE29-22CB-4AF0-86F1-5BCE71A30B7F}.Debug|Any CPU.Build.0 = Debug|Any CPU
		{3037FE29-22CB-4AF0-86F1-5BCE71A30B7F}.Release|Any CPU.ActiveCfg = Release|Any CPU
		{3037FE29-22CB-4AF0-86F1-5BCE71A30B7F}.Release|Any CPU.Build.0 = Release|Any CPU
	EndGlobalSection
	GlobalSection(SolutionProperties) = preSolution
		HideSolutionNode = FALSE
	EndGlobalSection
	GlobalSection(ExtensibilityGlobals) = postSolution
		SolutionGuid = {F58203F5-0864-4C36-B57D-AC155A01A10F}
	EndGlobalSection
EndGlobal
